
Microsoft Visual Studio Solution File, Format Version 12.00
# Visual Studio Version 17
VisualStudioVersion = 17.8.34330.188
MinimumVisualStudioVersion = 10.0.40219.1
Project("{FAE04EC0-301F-11D3-BF4B-00C04F79EFBC}") = "ConnectNet", "ConnectNet.csproj", "{20480A68-556C-44A6-9D81-23D23C0BB433}"
EndProject
Global
	GlobalSection(SolutionConfigurationPlatforms) = preSolution
		Debug|Any CPU = Debug|Any CPU
		Release|Any CPU = Release|Any CPU
	EndGlobalSection
	GlobalSection(ProjectConfigurationPlatforms) = postSolution
		{20480A68-556C-44A6-9D81-23D23C0BB433}.Debug|Any CPU.ActiveCfg = Debug|Any CPU
		{20480A68-556C-44A6-9D81-23D23C0BB433}.Debug|Any CPU.Build.0 = Debug|Any CPU
		{20480A68-556C-44A6-9D81-23D23C0BB433}.Release|Any CPU.ActiveCfg = Release|Any CPU
		{20480A68-556C-44A6-9D81-23D23C0BB433}.Release|Any CPU.Build.0 = Release|Any CPU
	EndGlobalSection
	GlobalSection(SolutionProperties) = preSolution
		HideSolutionNode = FALSE
	EndGlobalSection
	GlobalSection(ExtensibilityGlobals) = postSolution
		SolutionGuid = {64DED208-FA00-4C01-B5CF-428CE47AC429}
	EndGlobalSection
EndGlobal
